
Microsoft Visual Studio Solution File, Format Version 12.00
# Visual Studio 14
VisualStudioVersion = 14.0.23107.0
MinimumVisualStudioVersion = 10.0.40219.1
Project("{FAE04EC0-301F-11D3-BF4B-00C04F79EFBC}") = "ex13_volumecubo", "ex13_volumecubo\ex13_volumecubo.csproj", "{985F0FE2-1DF6-4599-B813-3EA267D94F56}"
EndProject
Global
	GlobalSection(SolutionConfigurationPlatforms) = preSolution
		Debug|Any CPU = Debug|Any CPU
		Release|Any CPU = Release|Any CPU
	EndGlobalSection
	GlobalSection(ProjectConfigurationPlatforms) = postSolution
		{985F0FE2-1DF6-4599-B813-3EA267D94F56}.Debug|Any CPU.ActiveCfg = Debug|Any CPU
		{985F0FE2-1DF6-4599-B813-3EA267D94F56}.Debug|Any CPU.Build.0 = Debug|Any CPU
		{985F0FE2-1DF6-4599-B813-3EA267D94F56}.Release|Any CPU.ActiveCfg = Release|Any CPU
		{985F0FE2-1DF6-4599-B813-3EA267D94F56}.Release|Any CPU.Build.0 = Release|Any CPU
	EndGlobalSection
	GlobalSection(SolutionProperties) = preSolution
		HideSolutionNode = FALSE
	EndGlobalSection
EndGlobal
