
Microsoft Visual Studio Solution File, Format Version 12.00
# Visual Studio 14
VisualStudioVersion = 14.0.23107.0
MinimumVisualStudioVersion = 10.0.40219.1
Project("{FAE04EC0-301F-11D3-BF4B-00C04F79EFBC}") = "atividade 2 circunferencia", "atividade 2 circunferencia\atividade 2 circunferencia.csproj", "{A939D7CE-67FF-41DC-9308-1013B3F95942}"
EndProject
Global
	GlobalSection(SolutionConfigurationPlatforms) = preSolution
		Debug|Any CPU = Debug|Any CPU
		Release|Any CPU = Release|Any CPU
	EndGlobalSection
	GlobalSection(ProjectConfigurationPlatforms) = postSolution
		{A939D7CE-67FF-41DC-9308-1013B3F95942}.Debug|Any CPU.ActiveCfg = Debug|Any CPU
		{A939D7CE-67FF-41DC-9308-1013B3F95942}.Debug|Any CPU.Build.0 = Debug|Any CPU
		{A939D7CE-67FF-41DC-9308-1013B3F95942}.Release|Any CPU.ActiveCfg = Release|Any CPU
		{A939D7CE-67FF-41DC-9308-1013B3F95942}.Release|Any CPU.Build.0 = Release|Any CPU
	EndGlobalSection
	GlobalSection(SolutionProperties) = preSolution
		HideSolutionNode = FALSE
	EndGlobalSection
EndGlobal
