
Microsoft Visual Studio Solution File, Format Version 12.00
# Visual Studio 14
VisualStudioVersion = 14.0.23107.0
MinimumVisualStudioVersion = 10.0.40219.1
Project("{FAE04EC0-301F-11D3-BF4B-00C04F79EFBC}") = "excase_parmenorque10", "excase_parmenorque10\excase_parmenorque10.csproj", "{09945E22-5008-4876-A4EC-DC5254AEAF92}"
EndProject
Global
	GlobalSection(SolutionConfigurationPlatforms) = preSolution
		Debug|Any CPU = Debug|Any CPU
		Release|Any CPU = Release|Any CPU
	EndGlobalSection
	GlobalSection(ProjectConfigurationPlatforms) = postSolution
		{09945E22-5008-4876-A4EC-DC5254AEAF92}.Debug|Any CPU.ActiveCfg = Debug|Any CPU
		{09945E22-5008-4876-A4EC-DC5254AEAF92}.Debug|Any CPU.Build.0 = Debug|Any CPU
		{09945E22-5008-4876-A4EC-DC5254AEAF92}.Release|Any CPU.ActiveCfg = Release|Any CPU
		{09945E22-5008-4876-A4EC-DC5254AEAF92}.Release|Any CPU.Build.0 = Release|Any CPU
	EndGlobalSection
	GlobalSection(SolutionProperties) = preSolution
		HideSolutionNode = FALSE
	EndGlobalSection
EndGlobal
